
Microsoft Visual Studio Solution File, Format Version 12.00
# Visual Studio 15
VisualStudioVersion = 15.0.27428.2037
MinimumVisualStudioVersion = 10.0.40219.1
Project("{FAE04EC0-301F-11D3-BF4B-00C04F79EFBC}") = "ConsoleApp2", "ConsoleApp2\ConsoleApp2.csproj", "{87368C27-47FC-4221-BCC1-47E373474300}"
EndProject
Global
	GlobalSection(SolutionConfigurationPlatforms) = preSolution
		Debug|Any CPU = Debug|Any CPU
		Release|Any CPU = Release|Any CPU
	EndGlobalSection
	GlobalSection(ProjectConfigurationPlatforms) = postSolution
		{87368C27-47FC-4221-BCC1-47E373474300}.Debug|Any CPU.ActiveCfg = Debug|Any CPU
		{87368C27-47FC-4221-BCC1-47E373474300}.Debug|Any CPU.Build.0 = Debug|Any CPU
		{87368C27-47FC-4221-BCC1-47E373474300}.Release|Any CPU.ActiveCfg = Release|Any CPU
		{87368C27-47FC-4221-BCC1-47E373474300}.Release|Any CPU.Build.0 = Release|Any CPU
	EndGlobalSection
	GlobalSection(SolutionProperties) = preSolution
		HideSolutionNode = FALSE
	EndGlobalSection
	GlobalSection(ExtensibilityGlobals) = postSolution
		SolutionGuid = {F540CC85-DF3F-4916-9D90-D116D2BE3B2F}
	EndGlobalSection
EndGlobal
